
Microsoft Visual Studio Solution File, Format Version 12.00
# Visual Studio Version 16
VisualStudioVersion = 16.0.30907.101
MinimumVisualStudioVersion = 10.0.40219.1
Project("{FAE04EC0-301F-11D3-BF4B-00C04F79EFBC}") = "BlazorPages", "BlazorPages\BlazorPages.csproj", "{C4A98DCA-7A4F-40DE-AD2C-D04FFFE7BFD4}"
EndProject
Global
	GlobalSection(SolutionConfigurationPlatforms) = preSolution
		Debug|Any CPU = Debug|Any CPU
		Release|Any CPU = Release|Any CPU
	EndGlobalSection
	GlobalSection(ProjectConfigurationPlatforms) = postSolution
		{C4A98DCA-7A4F-40DE-AD2C-D04FFFE7BFD4}.Debug|Any CPU.ActiveCfg = Debug|Any CPU
		{C4A98DCA-7A4F-40DE-AD2C-D04FFFE7BFD4}.Debug|Any CPU.Build.0 = Debug|Any CPU
		{C4A98DCA-7A4F-40DE-AD2C-D04FFFE7BFD4}.Release|Any CPU.ActiveCfg = Release|Any CPU
		{C4A98DCA-7A4F-40DE-AD2C-D04FFFE7BFD4}.Release|Any CPU.Build.0 = Release|Any CPU
	EndGlobalSection
	GlobalSection(SolutionProperties) = preSolution
		HideSolutionNode = FALSE
	EndGlobalSection
	GlobalSection(ExtensibilityGlobals) = postSolution
		SolutionGuid = {AA25D069-9421-4FC2-942E-A9AB6508126E}
	EndGlobalSection
EndGlobal
